
Microsoft Visual Studio Solution File, Format Version 12.00
# Visual Studio Version 16
VisualStudioVersion = 16.0.30225.117
MinimumVisualStudioVersion = 10.0.40219.1
Project("{FAE04EC0-301F-11D3-BF4B-00C04F79EFBC}") = "Myjnia", "Myjnia\Myjnia.csproj", "{96EB9F8D-64A0-4B6D-9EC9-FE0743A28B31}"
EndProject
Global
	GlobalSection(SolutionConfigurationPlatforms) = preSolution
		Debug|Any CPU = Debug|Any CPU
		Release|Any CPU = Release|Any CPU
	EndGlobalSection
	GlobalSection(ProjectConfigurationPlatforms) = postSolution
		{96EB9F8D-64A0-4B6D-9EC9-FE0743A28B31}.Debug|Any CPU.ActiveCfg = Debug|Any CPU
		{96EB9F8D-64A0-4B6D-9EC9-FE0743A28B31}.Debug|Any CPU.Build.0 = Debug|Any CPU
		{96EB9F8D-64A0-4B6D-9EC9-FE0743A28B31}.Debug|Any CPU.Deploy.0 = Debug|Any CPU
		{96EB9F8D-64A0-4B6D-9EC9-FE0743A28B31}.Release|Any CPU.ActiveCfg = Release|Any CPU
		{96EB9F8D-64A0-4B6D-9EC9-FE0743A28B31}.Release|Any CPU.Build.0 = Release|Any CPU
		{96EB9F8D-64A0-4B6D-9EC9-FE0743A28B31}.Release|Any CPU.Deploy.0 = Release|Any CPU
	EndGlobalSection
	GlobalSection(SolutionProperties) = preSolution
		HideSolutionNode = FALSE
	EndGlobalSection
	GlobalSection(ExtensibilityGlobals) = postSolution
		SolutionGuid = {E2D57511-D64D-404C-BF64-C68F8FF0D49D}
	EndGlobalSection
EndGlobal
